
Microsoft Visual Studio Solution File, Format Version 12.00
# Visual Studio Version 17
VisualStudioVersion = 17.9.34622.214
MinimumVisualStudioVersion = 10.0.40219.1
Project("{FAE04EC0-301F-11D3-BF4B-00C04F79EFBC}") = "Lab1App1", "Lab1App1\Lab1App1.csproj", "{FB601E53-72F3-42CB-BD9E-2C1CD51DC5A4}"
EndProject
Global
	GlobalSection(SolutionConfigurationPlatforms) = preSolution
		Debug|Any CPU = Debug|Any CPU
		Release|Any CPU = Release|Any CPU
	EndGlobalSection
	GlobalSection(ProjectConfigurationPlatforms) = postSolution
		{FB601E53-72F3-42CB-BD9E-2C1CD51DC5A4}.Debug|Any CPU.ActiveCfg = Debug|Any CPU
		{FB601E53-72F3-42CB-BD9E-2C1CD51DC5A4}.Debug|Any CPU.Build.0 = Debug|Any CPU
		{FB601E53-72F3-42CB-BD9E-2C1CD51DC5A4}.Release|Any CPU.ActiveCfg = Release|Any CPU
		{FB601E53-72F3-42CB-BD9E-2C1CD51DC5A4}.Release|Any CPU.Build.0 = Release|Any CPU
	EndGlobalSection
	GlobalSection(SolutionProperties) = preSolution
		HideSolutionNode = FALSE
	EndGlobalSection
	GlobalSection(ExtensibilityGlobals) = postSolution
		SolutionGuid = {6BC7763E-6A6E-4D45-AB87-BF4051D934B0}
	EndGlobalSection
EndGlobal
